{
  "requires": true,
  "lockfileVersion": 1,
  "dependencies": {
    "@tweenjs/tween.js": {
      "version": "18.6.4",
      "resolved": "https://registry.npm.taobao.org/@tweenjs/tween.js/download/@tweenjs/tween.js-18.6.4.tgz",
      "integrity": "sha1-QKPQqTZHEkhy3sjg/RvVkmaVtso="
    },
    "@types/three": {
      "version": "0.131.0",
      "resolved": "https://registry.nlark.com/@types/three/download/@types/three-0.131.0.tgz",
      "integrity": "sha1-mPWYh7BfceZlzy+98E4OTOufibY="
    }
  }
}
